
Microsoft Visual Studio Solution File, Format Version 12.00
# Visual Studio 14
VisualStudioVersion = 14.0.25420.1
MinimumVisualStudioVersion = 10.0.40219.1
Project("{FAE04EC0-301F-11D3-BF4B-00C04F79EFBC}") = "CuaHangSach", "CuaHangSach\CuaHangSach.csproj", "{CAAD4B98-BA4F-4DFC-A5CC-97C6A1B06019}"
EndProject
Project("{FAE04EC0-301F-11D3-BF4B-00C04F79EFBC}") = "CuaHangSachTester", "CuaHangSachTests3\CuaHangSachTester.csproj", "{1B588373-2529-4536-8557-BE062998D2BA}"
EndProject
Global
	GlobalSection(SolutionConfigurationPlatforms) = preSolution
		Debug|Any CPU = Debug|Any CPU
		Release|Any CPU = Release|Any CPU
	EndGlobalSection
	GlobalSection(ProjectConfigurationPlatforms) = postSolution
		{CAAD4B98-BA4F-4DFC-A5CC-97C6A1B06019}.Debug|Any CPU.ActiveCfg = Debug|Any CPU
		{CAAD4B98-BA4F-4DFC-A5CC-97C6A1B06019}.Debug|Any CPU.Build.0 = Debug|Any CPU
		{CAAD4B98-BA4F-4DFC-A5CC-97C6A1B06019}.Release|Any CPU.ActiveCfg = Release|Any CPU
		{CAAD4B98-BA4F-4DFC-A5CC-97C6A1B06019}.Release|Any CPU.Build.0 = Release|Any CPU
		{1B588373-2529-4536-8557-BE062998D2BA}.Debug|Any CPU.ActiveCfg = Debug|Any CPU
		{1B588373-2529-4536-8557-BE062998D2BA}.Debug|Any CPU.Build.0 = Debug|Any CPU
		{1B588373-2529-4536-8557-BE062998D2BA}.Release|Any CPU.ActiveCfg = Release|Any CPU
		{1B588373-2529-4536-8557-BE062998D2BA}.Release|Any CPU.Build.0 = Release|Any CPU
	EndGlobalSection
	GlobalSection(SolutionProperties) = preSolution
		HideSolutionNode = FALSE
	EndGlobalSection
	GlobalSection(ExtensibilityGlobals) = postSolution
		SolutionGuid = {C9C3CF22-9BEA-4C78-A851-2C2C7FCC7A74}
	EndGlobalSection
EndGlobal
